
Microsoft Visual Studio Solution File, Format Version 12.00
# Visual Studio 15
VisualStudioVersion = 15.0.28010.2026
MinimumVisualStudioVersion = 10.0.40219.1
Project("{FAE04EC0-301F-11D3-BF4B-00C04F79EFBC}") = "ProjetoMVCEstagio", "ProjetoMVCEstagio\ProjetoMVCEstagio.csproj", "{510B3650-8712-4924-8F20-5A8F5A4B1709}"
EndProject
Project("{FAE04EC0-301F-11D3-BF4B-00C04F79EFBC}") = "EntidadesDAL", "EntidadesDAL\EntidadesDAL.csproj", "{43385C85-E94D-4F3C-AE32-57225495E054}"
EndProject
Global
	GlobalSection(SolutionConfigurationPlatforms) = preSolution
		Debug|Any CPU = Debug|Any CPU
		Release|Any CPU = Release|Any CPU
	EndGlobalSection
	GlobalSection(ProjectConfigurationPlatforms) = postSolution
		{510B3650-8712-4924-8F20-5A8F5A4B1709}.Debug|Any CPU.ActiveCfg = Debug|Any CPU
		{510B3650-8712-4924-8F20-5A8F5A4B1709}.Debug|Any CPU.Build.0 = Debug|Any CPU
		{510B3650-8712-4924-8F20-5A8F5A4B1709}.Release|Any CPU.ActiveCfg = Release|Any CPU
		{510B3650-8712-4924-8F20-5A8F5A4B1709}.Release|Any CPU.Build.0 = Release|Any CPU
		{43385C85-E94D-4F3C-AE32-57225495E054}.Debug|Any CPU.ActiveCfg = Debug|Any CPU
		{43385C85-E94D-4F3C-AE32-57225495E054}.Debug|Any CPU.Build.0 = Debug|Any CPU
		{43385C85-E94D-4F3C-AE32-57225495E054}.Release|Any CPU.ActiveCfg = Release|Any CPU
		{43385C85-E94D-4F3C-AE32-57225495E054}.Release|Any CPU.Build.0 = Release|Any CPU
	EndGlobalSection
	GlobalSection(SolutionProperties) = preSolution
		HideSolutionNode = FALSE
	EndGlobalSection
	GlobalSection(ExtensibilityGlobals) = postSolution
		SolutionGuid = {FDDB5D48-5611-4517-B018-96E53E981904}
	EndGlobalSection
EndGlobal
